<?xml version="1.0" encoding="utf-8"?>
<Project ToolsVersion="4.0" xmlns="http://schemas.microsoft.com/developer/msbuild/2003">
  <ItemGroup>
    <Filter Include="Source Files">
      <UniqueIdentifier>{4FC737F1-C7A5-4376-A066-2A32D752A2FF}</UniqueIdentifier>
      <Extensions>cpp;c;cc;cxx;c++;cppm;ixx;def;odl;idl;hpj;bat;asm;asmx</Extensions>
    </Filter>
    <Filter Include="Header Files">
      <UniqueIdentifier>{93995380-89BD-4b04-88EB-625FBE52EBFB}</UniqueIdentifier>
      <Extensions>h;hh;hpp;hxx;h++;hm;inl;inc;ipp;xsd</Extensions>
    </Filter>
    <Filter Include="MinHook">
      <UniqueIdentifier>{d8023b6b-07fc-4c69-a503-1a8f530b36d0}</UniqueIdentifier>
    </Filter>
    <Filter Include="Modules">
      <UniqueIdentifier>{8fce1702-e6d7-45e2-b35c-35945dae4956}</UniqueIdentifier>
    </Filter>
    <Filter Include="Modules\Engine">
      <UniqueIdentifier>{cdc40d56-34a1-439a-8877-ed1a17b108a8}</UniqueIdentifier>
    </Filter>
    <Filter Include="Modules\Client">
      <UniqueIdentifier>{26ac3615-dd1f-4890-b370-e474128fbef2}</UniqueIdentifier>
    </Filter>
  </ItemGroup>
  <ItemGroup>
    <ClCompile Include="main.cpp">
      <Filter>Source Files</Filter>
    </ClCompile>
    <ClCompile Include="MinHook\buffer.c">
      <Filter>MinHook</Filter>
    </ClCompile>
    <ClCompile Include="MinHook\hook.c">
      <Filter>MinHook</Filter>
    </ClCompile>
    <ClCompile Include="MinHook\trampoline.c">
      <Filter>MinHook</Filter>
    </ClCompile>
    <ClCompile Include="MinHook\hde\hde32.c">
      <Filter>MinHook</Filter>
    </ClCompile>
    <ClCompile Include="HwDLL.cpp">
      <Filter>Modules\Engine</Filter>
    </ClCompile>
    <ClCompile Include="ClientDLL.cpp">
      <Filter>Modules\Client</Filter>
    </ClCompile>
    <ClCompile Include="hud.cpp">
      <Filter>Modules\Client</Filter>
    </ClCompile>
    <ClCompile Include="opengl_utils.cpp">
      <Filter>Source Files</Filter>
    </ClCompile>
    <ClCompile Include="tri.cpp">
      <Filter>Modules\Client</Filter>
    </ClCompile>
  </ItemGroup>
  <ItemGroup>
    <ClInclude Include="includes.hpp">
      <Filter>Header Files</Filter>
    </ClInclude>
    <ClInclude Include="patterns.hpp">
      <Filter>Header Files</Filter>
    </ClInclude>
    <ClInclude Include="MemUtils.hpp">
      <Filter>Header Files</Filter>
    </ClInclude>
    <ClInclude Include="MinHook\buffer.h">
      <Filter>MinHook</Filter>
    </ClInclude>
    <ClInclude Include="MinHook\MinHook.h">
      <Filter>MinHook</Filter>
    </ClInclude>
    <ClInclude Include="MinHook\trampoline.h">
      <Filter>MinHook</Filter>
    </ClInclude>
    <ClInclude Include="MinHook\hde\hde32.h">
      <Filter>MinHook</Filter>
    </ClInclude>
    <ClInclude Include="MinHook\hde\pstdint.h">
      <Filter>MinHook</Filter>
    </ClInclude>
    <ClInclude Include="MinHook\hde\table32.h">
      <Filter>MinHook</Filter>
    </ClInclude>
    <ClInclude Include="HwDLL.hpp">
      <Filter>Modules\Engine</Filter>
    </ClInclude>
    <ClInclude Include="hlsdk_mini.hpp">
      <Filter>Header Files</Filter>
    </ClInclude>
    <ClInclude Include="ClientDLL.hpp">
      <Filter>Modules\Client</Filter>
    </ClInclude>
    <ClInclude Include="hud.hpp">
      <Filter>Modules\Client</Filter>
    </ClInclude>
    <ClInclude Include="opengl_utils.hpp">
      <Filter>Header Files</Filter>
    </ClInclude>
    <ClInclude Include="tri.hpp">
      <Filter>Modules\Client</Filter>
    </ClInclude>
    <ClInclude Include="cl_util.h">
      <Filter>Modules\Client</Filter>
    </ClInclude>
  </ItemGroup>
</Project>